# THIS IS AN AUTOGENERATED FILE. DO NOT EDIT THIS FILE DIRECTLY.
# yarn lockfile v1


blessed@^0.1.81:
  version "0.1.81"
  resolved "https://registry.yarnpkg.com/blessed/-/blessed-0.1.81.tgz#f962d687ec2c369570ae71af843256e6d0ca1129"
  integrity sha1-+WLWh+wsNpVwrnGvhDJW5tDKESk=

"colors@>= 0.3.0":
  version "1.4.0"
  resolved "https://registry.yarnpkg.com/colors/-/colors-1.4.0.tgz#c50491479d4c1bdaed2c9ced32cf7c7dc2360f78"
  integrity sha512-a+UqTh4kgZg/SlGvfbzDHpgRu7AAQOmmqRHJnxhRZICKFUT91brVhNNt58CMWU9PsBbv3PDCZUHbVxuDiH2mtA==

ip@^1.1.5:
  version "1.1.9"
  resolved "https://registry.yarnpkg.com/ip/-/ip-1.1.9.tgz#8dfbcc99a754d07f425310b86a99546b1151e396"
  integrity sha512-cyRxvOEpNHNtchU3Ln9KC/auJgup87llfQpQ+t5ghoC/UhL16SWzbueiCsdTnWmqAWl7LadfuwhlqmtOaqMHdQ==

play@^0.5.0:
  version "0.5.0"
  resolved "https://registry.yarnpkg.com/play/-/play-0.5.0.tgz#f814e67163de29de7b9d9e905df8389ae4ea6347"
  integrity sha512-R+/X709543S7W3GXDpfN+W7sJwWPk+h4pnKC/S1/hlzUCnpUG0buoSRnCSJLBv5ADBIg845F7qvNxHvw6nEgLA==
  dependencies:
    colors ">= 0.3.0"
